
Microsoft Visual Studio Solution File, Format Version 12.00
# Visual Studio Version 17
VisualStudioVersion = 17.8.34330.188
MinimumVisualStudioVersion = 10.0.40219.1
Project("{FAE04EC0-301F-11D3-BF4B-00C04F79EFBC}") = "Flashcard App", "FlashcardApp\Flashcard App.csproj", "{7A16BADF-CAA0-4ED1-8C8A-09C41D23DCCB}"
EndProject
Global
	GlobalSection(SolutionConfigurationPlatforms) = preSolution
		Debug|Any CPU = Debug|Any CPU
		Release|Any CPU = Release|Any CPU
	EndGlobalSection
	GlobalSection(ProjectConfigurationPlatforms) = postSolution
		{7A16BADF-CAA0-4ED1-8C8A-09C41D23DCCB}.Debug|Any CPU.ActiveCfg = Debug|Any CPU
		{7A16BADF-CAA0-4ED1-8C8A-09C41D23DCCB}.Debug|Any CPU.Build.0 = Debug|Any CPU
		{7A16BADF-CAA0-4ED1-8C8A-09C41D23DCCB}.Release|Any CPU.ActiveCfg = Release|Any CPU
		{7A16BADF-CAA0-4ED1-8C8A-09C41D23DCCB}.Release|Any CPU.Build.0 = Release|Any CPU
	EndGlobalSection
	GlobalSection(SolutionProperties) = preSolution
		HideSolutionNode = FALSE
	EndGlobalSection
	GlobalSection(ExtensibilityGlobals) = postSolution
		SolutionGuid = {8641C12C-6267-4DF5-B9DD-1A1562D57482}
	EndGlobalSection
EndGlobal
